
Microsoft Visual Studio Solution File, Format Version 12.00
# Visual Studio Version 16
VisualStudioVersion = 16.0.30611.23
MinimumVisualStudioVersion = 10.0.40219.1
Project("{FAE04EC0-301F-11D3-BF4B-00C04F79EFBC}") = "WISEroster.Business", "WISEroster.Business\WISEroster.Business.csproj", "{B7AE5DC5-79C5-43CA-AF81-F3D39F72BB0E}"
EndProject
Project("{00D1A9C2-B5F0-4AF3-8072-F6C62B433612}") = "WISEroster.Database", "WISEroster.Database\WISEroster.Database.sqlproj", "{916E58E7-1BBE-4379-9630-2CD788A1858F}"
EndProject
Project("{FAE04EC0-301F-11D3-BF4B-00C04F79EFBC}") = "WISEroster.Domain", "WISEroster.Domain\WISEroster.Domain.csproj", "{8260E6C9-FECD-4041-84F4-2C181C798B56}"
EndProject
Project("{FAE04EC0-301F-11D3-BF4B-00C04F79EFBC}") = "WISEroster.Mvc", "WISEroster.Mvc\WISEroster.Mvc.csproj", "{1BF91F20-60D9-4AB3-9FAD-8B581987F57E}"
EndProject
Global
	GlobalSection(SolutionConfigurationPlatforms) = preSolution
		Debug|Any CPU = Debug|Any CPU
		Release|Any CPU = Release|Any CPU
	EndGlobalSection
	GlobalSection(ProjectConfigurationPlatforms) = postSolution
		{B7AE5DC5-79C5-43CA-AF81-F3D39F72BB0E}.Debug|Any CPU.ActiveCfg = Debug|Any CPU
		{B7AE5DC5-79C5-43CA-AF81-F3D39F72BB0E}.Debug|Any CPU.Build.0 = Debug|Any CPU
		{B7AE5DC5-79C5-43CA-AF81-F3D39F72BB0E}.Release|Any CPU.ActiveCfg = Release|Any CPU
		{B7AE5DC5-79C5-43CA-AF81-F3D39F72BB0E}.Release|Any CPU.Build.0 = Release|Any CPU
		{916E58E7-1BBE-4379-9630-2CD788A1858F}.Debug|Any CPU.ActiveCfg = Debug|Any CPU
		{916E58E7-1BBE-4379-9630-2CD788A1858F}.Debug|Any CPU.Build.0 = Debug|Any CPU
		{916E58E7-1BBE-4379-9630-2CD788A1858F}.Debug|Any CPU.Deploy.0 = Debug|Any CPU
		{916E58E7-1BBE-4379-9630-2CD788A1858F}.Release|Any CPU.ActiveCfg = Release|Any CPU
		{916E58E7-1BBE-4379-9630-2CD788A1858F}.Release|Any CPU.Build.0 = Release|Any CPU
		{916E58E7-1BBE-4379-9630-2CD788A1858F}.Release|Any CPU.Deploy.0 = Release|Any CPU
		{8260E6C9-FECD-4041-84F4-2C181C798B56}.Debug|Any CPU.ActiveCfg = Debug|Any CPU
		{8260E6C9-FECD-4041-84F4-2C181C798B56}.Debug|Any CPU.Build.0 = Debug|Any CPU
		{8260E6C9-FECD-4041-84F4-2C181C798B56}.Release|Any CPU.ActiveCfg = Release|Any CPU
		{8260E6C9-FECD-4041-84F4-2C181C798B56}.Release|Any CPU.Build.0 = Release|Any CPU
		{1BF91F20-60D9-4AB3-9FAD-8B581987F57E}.Debug|Any CPU.ActiveCfg = Debug|Any CPU
		{1BF91F20-60D9-4AB3-9FAD-8B581987F57E}.Debug|Any CPU.Build.0 = Debug|Any CPU
		{1BF91F20-60D9-4AB3-9FAD-8B581987F57E}.Release|Any CPU.ActiveCfg = Release|Any CPU
		{1BF91F20-60D9-4AB3-9FAD-8B581987F57E}.Release|Any CPU.Build.0 = Release|Any CPU
	EndGlobalSection
	GlobalSection(SolutionProperties) = preSolution
		HideSolutionNode = FALSE
	EndGlobalSection
	GlobalSection(ExtensibilityGlobals) = postSolution
		SolutionGuid = {A11781B8-4462-4BDF-9F89-56E6232BFD3F}
	EndGlobalSection
EndGlobal
